lockfileVersion: '9.0'

settings:
  autoInstallPeers: true
  excludeLinksFromLockfile: false

importers:

  .:
    dependencies:
      react:
        specifier: ^16.8.0 || ^17.0.0 || ^18.0.0 || ^19.0.0
        version: 19.1.0
      reselect:
        specifier: ^5.1.1
        version: 5.1.1
      use-sync-external-store:
        specifier: ^1.5.0
        version: 1.5.0(react@19.1.0)
    devDependencies:
      '@types/use-sync-external-store':
        specifier: ^1.5.0
        version: 1.5.0
      npmignore:
        specifier: ^0.3.1
        version: 0.3.1
      tsdoc-markdown:
        specifier: ^1.2.0
        version: 1.2.0(typescript@5.8.3)
      typedoc:
        specifier: ^0.28.5
        version: 0.28.5(typescript@5.8.3)
      typedoc-plugin-markdown:
        specifier: ^4.6.4
        version: 4.6.4(typedoc@0.28.5(typescript@5.8.3))
      typescript:
        specifier: ^5.8.3
        version: 5.8.3

packages:

  '@gerrit0/mini-shiki@3.6.0':
    resolution: {integrity: sha512-KaeJvPNofTEZR9EzVNp/GQzbQqkGfjiu6k3CXKvhVTX+8OoAKSX/k7qxLKOX3B0yh2XqVAc93rsOu48CGt2Qug==}

  '@shikijs/engine-oniguruma@3.6.0':
    resolution: {integrity: sha512-nmOhIZ9yT3Grd+2plmW/d8+vZ2pcQmo/UnVwXMUXAKTXdi+LK0S08Ancrz5tQQPkxvjBalpMW2aKvwXfelauvA==}

  '@shikijs/langs@3.6.0':
    resolution: {integrity: sha512-IdZkQJaLBu1LCYCwkr30hNuSDfllOT8RWYVZK1tD2J03DkiagYKRxj/pDSl8Didml3xxuyzUjgtioInwEQM/TA==}

  '@shikijs/themes@3.6.0':
    resolution: {integrity: sha512-Fq2j4nWr1DF4drvmhqKq8x5vVQ27VncF8XZMBuHuQMZvUSS3NBgpqfwz/FoGe36+W6PvniZ1yDlg2d4kmYDU6w==}

  '@shikijs/types@3.6.0':
    resolution: {integrity: sha512-cLWFiToxYu0aAzJqhXTQsFiJRTFDAGl93IrMSBNaGSzs7ixkLfdG6pH11HipuWFGW5vyx4X47W8HDQ7eSrmBUg==}

  '@shikijs/vscode-textmate@10.0.2':
    resolution: {integrity: sha512-83yeghZ2xxin3Nj8z1NMd/NCuca+gsYXswywDy5bHvwlWL8tpTQmzGeUuHd9FC3E/SBEMvzJRwWEOz5gGes9Qg==}

  '@types/hast@3.0.4':
    resolution: {integrity: sha512-WPs+bbQw5aCj+x6laNGWLH3wviHtoCv/P3+otBhbOhJgG8qtpdAMlTCxLtsTWA7LH1Oh/bFCHsBn0TPS5m30EQ==}

  '@types/unist@3.0.3':
    resolution: {integrity: sha512-ko/gIFJRv177XgZsZcBwnqJN5x/Gien8qNOn0D5bQU/zAzVf9Zt3BlcUiLqhV9y4ARk0GbT3tnUiPNgnTXzc/Q==}

  '@types/use-sync-external-store@1.5.0':
    resolution: {integrity: sha512-5dyB8nLC/qogMrlCizZnYWQTA4lnb/v+It+sqNl5YnSRAPMlIqY/X0Xn+gZw8vOL+TgTTr28VEbn3uf8fUtAkw==}

  argparse@2.0.1:
    resolution: {integrity: sha512-8+9WqebbFzpX9OR+Wa6O29asIogeRMzcGtAINdpMHHyAg10f05aSFVBbcEqGf/PXw1EjAZ+q2/bEBg3DvurK3Q==}

  balanced-match@1.0.2:
    resolution: {integrity: sha512-3oSeUO0TMV67hN1AmbXsK4yaqU7tjiHlbxRDZOpH0KW9+CeX4bRAaX0Anxt0tx2MrpRpWwQaPwIlISEJhYU5Pw==}

  brace-expansion@2.0.1:
    resolution: {integrity: sha512-XnAIvQ8eM+kC6aULx6wuQiwVsnzsi9d3WxzV3FpWTGA19F621kwdbsAcFKXgKUHZWsy+mY6iL1sHTxWEFCytDA==}

  entities@4.5.0:
    resolution: {integrity: sha512-V0hjH4dGPh9Ao5p0MoRY6BVqtwCjhz6vI5LT8AJ55H+4g9/4vbHx1I54fS0XuclLhDHArPQCiMjDxjaL8fPxhw==}
    engines: {node: '>=0.12'}

  linkify-it@5.0.0:
    resolution: {integrity: sha512-5aHCbzQRADcdP+ATqnDuhhJ/MRIqDkZX5pyjFHRRysS8vZ5AbqGEoFIb6pYHPZ+L/OC2Lc+xT8uHVVR5CAK/wQ==}

  lunr@2.3.9:
    resolution: {integrity: sha512-zTU3DaZaF3Rt9rhN3uBMGQD3dD2/vFQqnvZCDv4dl5iOzq2IZQqTxu90r4E5J+nP70J3ilqVCrbho2eWaeW8Ow==}

  markdown-it@14.1.0:
    resolution: {integrity: sha512-a54IwgWPaeBCAAsv13YgmALOF1elABB08FxO9i+r4VFk5Vl4pKokRPeX8u5TCgSsPi6ec1otfLjdOpVcgbpshg==}
    hasBin: true

  mdurl@2.0.0:
    resolution: {integrity: sha512-Lf+9+2r+Tdp5wXDXC4PcIBjTDtq4UKjCPMQhKIuzpJNW0b96kVqSwW0bT7FhRSfmAiFYgP+SCRvdrDozfh0U5w==}

  minimatch@9.0.5:
    resolution: {integrity: sha512-G6T0ZX48xgozx7587koeX9Ys2NYy6Gmv//P89sEte9V9whIapMNF4idKxnW2QtCcLiTWlb/wfCabAtAFWhhBow==}
    engines: {node: '>=16 || 14 >=14.17'}

  minimist@1.2.8:
    resolution: {integrity: sha512-2yyAR8qBkN3YuheJanUpWC5U3bb5osDywNB8RzDVlDwDHbocAJveqqj1u8+SVD7jkWT4yvsHCpWqqWqAxb0zCA==}

  npmignore@0.3.1:
    resolution: {integrity: sha512-bBDWyDhP/p7fFlAvKrN1gl/q0nsxkouezRBJmfzvJNHnWbRlC8j2xV9zteIkS9tlFuECgaV3nlJixQpJRe5EQg==}
    engines: {node: '>=0.10.0'}
    hasBin: true

  punycode.js@2.3.1:
    resolution: {integrity: sha512-uxFIHU0YlHYhDQtV4R9J6a52SLx28BCjT+4ieh7IGbgwVJWO+km431c4yRlREUAsAmt/uMjQUyQHNEPf0M39CA==}
    engines: {node: '>=6'}

  react@19.1.0:
    resolution: {integrity: sha512-FS+XFBNvn3GTAWq26joslQgWNoFu08F4kl0J4CgdNKADkdSGXQyTCnKteIAJy96Br6YbpEU1LSzV5dYtjMkMDg==}
    engines: {node: '>=0.10.0'}

  reselect@5.1.1:
    resolution: {integrity: sha512-K/BG6eIky/SBpzfHZv/dd+9JBFiS4SWV7FIujVyJRux6e45+73RaUHXLmIR1f7WOMaQ0U1km6qwklRQxpJJY0w==}

  tsdoc-markdown@1.2.0:
    resolution: {integrity: sha512-EqOtzSzWMKyDXJFuiCBCkAulpspb9goZ+IsqrQeDwlGDmetU4PhEQIXPDQdIGaeMnty0lBa5xaht8nOdL16HEg==}
    hasBin: true
    peerDependencies:
      typescript: ^5

  typedoc-plugin-markdown@4.6.4:
    resolution: {integrity: sha512-AnbToFS1T1H+n40QbO2+i0wE6L+55rWnj7zxnM1r781+2gmhMF2dB6dzFpaylWLQYkbg4D1Y13sYnne/6qZwdw==}
    engines: {node: '>= 18'}
    peerDependencies:
      typedoc: 0.28.x

  typedoc@0.28.5:
    resolution: {integrity: sha512-5PzUddaA9FbaarUzIsEc4wNXCiO4Ot3bJNeMF2qKpYlTmM9TTaSHQ7162w756ERCkXER/+o2purRG6YOAv6EMA==}
    engines: {node: '>= 18', pnpm: '>= 10'}
    hasBin: true
    peerDependencies:
      typescript: 5.0.x || 5.1.x || 5.2.x || 5.3.x || 5.4.x || 5.5.x || 5.6.x || 5.7.x || 5.8.x

  typescript@5.8.3:
    resolution: {integrity: sha512-p1diW6TqL9L07nNxvRMM7hMMw4c5XOo/1ibL4aAIGmSAt9slTE1Xgw5KWuof2uTOvCg9BY7ZRi+GaF+7sfgPeQ==}
    engines: {node: '>=14.17'}
    hasBin: true

  uc.micro@2.1.0:
    resolution: {integrity: sha512-ARDJmphmdvUk6Glw7y9DQ2bFkKBHwQHLi2lsaH6PPmz/Ka9sFOBsBluozhDltWmnv9u/cF6Rt87znRTPV+yp/A==}

  use-sync-external-store@1.5.0:
    resolution: {integrity: sha512-Rb46I4cGGVBmjamjphe8L/UnvJD+uPPtTkNvX5mZgqdbavhI4EbgIWJiIHXJ8bc/i9EQGPRh4DwEURJ552Do0A==}
    peerDependencies:
      react: ^16.8.0 || ^17.0.0 || ^18.0.0 || ^19.0.0

  yaml@2.8.0:
    resolution: {integrity: sha512-4lLa/EcQCB0cJkyts+FpIRx5G/llPxfP6VQU5KByHEhLxY3IJCH0f0Hy1MHI8sClTvsIb8qwRJ6R/ZdlDJ/leQ==}
    engines: {node: '>= 14.6'}
    hasBin: true

snapshots:

  '@gerrit0/mini-shiki@3.6.0':
    dependencies:
      '@shikijs/engine-oniguruma': 3.6.0
      '@shikijs/langs': 3.6.0
      '@shikijs/themes': 3.6.0
      '@shikijs/types': 3.6.0
      '@shikijs/vscode-textmate': 10.0.2

  '@shikijs/engine-oniguruma@3.6.0':
    dependencies:
      '@shikijs/types': 3.6.0
      '@shikijs/vscode-textmate': 10.0.2

  '@shikijs/langs@3.6.0':
    dependencies:
      '@shikijs/types': 3.6.0

  '@shikijs/themes@3.6.0':
    dependencies:
      '@shikijs/types': 3.6.0

  '@shikijs/types@3.6.0':
    dependencies:
      '@shikijs/vscode-textmate': 10.0.2
      '@types/hast': 3.0.4

  '@shikijs/vscode-textmate@10.0.2': {}

  '@types/hast@3.0.4':
    dependencies:
      '@types/unist': 3.0.3

  '@types/unist@3.0.3': {}

  '@types/use-sync-external-store@1.5.0': {}

  argparse@2.0.1: {}

  balanced-match@1.0.2: {}

  brace-expansion@2.0.1:
    dependencies:
      balanced-match: 1.0.2

  entities@4.5.0: {}

  linkify-it@5.0.0:
    dependencies:
      uc.micro: 2.1.0

  lunr@2.3.9: {}

  markdown-it@14.1.0:
    dependencies:
      argparse: 2.0.1
      entities: 4.5.0
      linkify-it: 5.0.0
      mdurl: 2.0.0
      punycode.js: 2.3.1
      uc.micro: 2.1.0

  mdurl@2.0.0: {}

  minimatch@9.0.5:
    dependencies:
      brace-expansion: 2.0.1

  minimist@1.2.8: {}

  npmignore@0.3.1:
    dependencies:
      minimist: 1.2.8

  punycode.js@2.3.1: {}

  react@19.1.0: {}

  reselect@5.1.1: {}

  tsdoc-markdown@1.2.0(typescript@5.8.3):
    dependencies:
      typescript: 5.8.3

  typedoc-plugin-markdown@4.6.4(typedoc@0.28.5(typescript@5.8.3)):
    dependencies:
      typedoc: 0.28.5(typescript@5.8.3)

  typedoc@0.28.5(typescript@5.8.3):
    dependencies:
      '@gerrit0/mini-shiki': 3.6.0
      lunr: 2.3.9
      markdown-it: 14.1.0
      minimatch: 9.0.5
      typescript: 5.8.3
      yaml: 2.8.0

  typescript@5.8.3: {}

  uc.micro@2.1.0: {}

  use-sync-external-store@1.5.0(react@19.1.0):
    dependencies:
      react: 19.1.0

  yaml@2.8.0: {}
